
Microsoft Visual Studio Solution File, Format Version 12.00
# Visual Studio Version 17
VisualStudioVersion = 17.7.34202.233
MinimumVisualStudioVersion = 10.0.40219.1
Project("{FAE04EC0-301F-11D3-BF4B-00C04F79EFBC}") = "Heranca", "Heranca\Heranca.csproj", "{EAAE2269-0978-40F0-BD18-8274C6A19F30}"
EndProject
Global
	GlobalSection(SolutionConfigurationPlatforms) = preSolution
		Debug|Any CPU = Debug|Any CPU
		Release|Any CPU = Release|Any CPU
	EndGlobalSection
	GlobalSection(ProjectConfigurationPlatforms) = postSolution
		{EAAE2269-0978-40F0-BD18-8274C6A19F30}.Debug|Any CPU.ActiveCfg = Debug|Any CPU
		{EAAE2269-0978-40F0-BD18-8274C6A19F30}.Debug|Any CPU.Build.0 = Debug|Any CPU
		{EAAE2269-0978-40F0-BD18-8274C6A19F30}.Release|Any CPU.ActiveCfg = Release|Any CPU
		{EAAE2269-0978-40F0-BD18-8274C6A19F30}.Release|Any CPU.Build.0 = Release|Any CPU
	EndGlobalSection
	GlobalSection(SolutionProperties) = preSolution
		HideSolutionNode = FALSE
	EndGlobalSection
	GlobalSection(ExtensibilityGlobals) = postSolution
		SolutionGuid = {57D01DF5-ED7F-4171-960F-6C09071664F7}
	EndGlobalSection
EndGlobal
